
Microsoft Visual Studio Solution File, Format Version 12.00
# Visual Studio Version 16
VisualStudioVersion = 16.0.30717.126
MinimumVisualStudioVersion = 10.0.40219.1
Project("{9A19103F-16F7-4668-BE54-9A1E7A4F7556}") = "PrettyLinesMGTest", "PrettyLinesMGTest\PrettyLinesMGTest.csproj", "{050FA9C5-090A-407D-ADF9-D623E93BB05C}"
EndProject
Project("{FAE04EC0-301F-11D3-BF4B-00C04F79EFBC}") = "PrettyLinesMG", "PrettyLinesMG\PrettyLinesMG.csproj", "{987D1DD4-8591-488B-9DC1-1923CE894D3A}"
EndProject
Global
	GlobalSection(SolutionConfigurationPlatforms) = preSolution
		Debug|Any CPU = Debug|Any CPU
		Debug|x86 = Debug|x86
		Release|Any CPU = Release|Any CPU
		Release|x86 = Release|x86
	EndGlobalSection
	GlobalSection(ProjectConfigurationPlatforms) = postSolution
		{050FA9C5-090A-407D-ADF9-D623E93BB05C}.Debug|Any CPU.ActiveCfg = Debug|Any CPU
		{050FA9C5-090A-407D-ADF9-D623E93BB05C}.Debug|Any CPU.Build.0 = Debug|Any CPU
		{050FA9C5-090A-407D-ADF9-D623E93BB05C}.Debug|x86.ActiveCfg = Debug|Any CPU
		{050FA9C5-090A-407D-ADF9-D623E93BB05C}.Debug|x86.Build.0 = Debug|Any CPU
		{050FA9C5-090A-407D-ADF9-D623E93BB05C}.Release|Any CPU.ActiveCfg = Release|Any CPU
		{050FA9C5-090A-407D-ADF9-D623E93BB05C}.Release|Any CPU.Build.0 = Release|Any CPU
		{050FA9C5-090A-407D-ADF9-D623E93BB05C}.Release|x86.ActiveCfg = Release|Any CPU
		{050FA9C5-090A-407D-ADF9-D623E93BB05C}.Release|x86.Build.0 = Release|Any CPU
		{987D1DD4-8591-488B-9DC1-1923CE894D3A}.Debug|Any CPU.ActiveCfg = Debug|Any CPU
		{987D1DD4-8591-488B-9DC1-1923CE894D3A}.Debug|Any CPU.Build.0 = Debug|Any CPU
		{987D1DD4-8591-488B-9DC1-1923CE894D3A}.Debug|x86.ActiveCfg = Debug|Any CPU
		{987D1DD4-8591-488B-9DC1-1923CE894D3A}.Debug|x86.Build.0 = Debug|Any CPU
		{987D1DD4-8591-488B-9DC1-1923CE894D3A}.Release|Any CPU.ActiveCfg = Release|Any CPU
		{987D1DD4-8591-488B-9DC1-1923CE894D3A}.Release|Any CPU.Build.0 = Release|Any CPU
		{987D1DD4-8591-488B-9DC1-1923CE894D3A}.Release|x86.ActiveCfg = Release|Any CPU
		{987D1DD4-8591-488B-9DC1-1923CE894D3A}.Release|x86.Build.0 = Release|Any CPU
	EndGlobalSection
	GlobalSection(SolutionProperties) = preSolution
		HideSolutionNode = FALSE
	EndGlobalSection
	GlobalSection(ExtensibilityGlobals) = postSolution
		SolutionGuid = {588FBAC8-FB74-494F-B7D8-27DC26FA09E6}
	EndGlobalSection
EndGlobal
