
Microsoft Visual Studio Solution File, Format Version 12.00
# Visual Studio 15
VisualStudioVersion = 15.0.28010.2036
MinimumVisualStudioVersion = 10.0.40219.1
Project("{FAE04EC0-301F-11D3-BF4B-00C04F79EFBC}") = "PrettyLinesXNA", "PrettyLinesXNA\PrettyLinesXNA.csproj", "{D18D2042-10B1-4656-858E-CC04FF9B9D1E}"
EndProject
Project("{FAE04EC0-301F-11D3-BF4B-00C04F79EFBC}") = "PrettyLinesXNATest", "PrettyLinesXNATest\PrettyLinesXNATest\PrettyLinesXNATest.csproj", "{88D85410-9EF3-43AE-980A-B0C9F7609941}"
EndProject
Project("{FAE04EC0-301F-11D3-BF4B-00C04F79EFBC}") = "PrettyLinesXNATestContent", "PrettyLinesXNATest\PrettyLinesXNATestContent\PrettyLinesXNATestContent.contentproj", "{9EE2D77A-9C2C-4223-BCEB-FF3068F450AD}"
EndProject
Project("{FAE04EC0-301F-11D3-BF4B-00C04F79EFBC}") = "PrettyLinesMG", "PrettyLinesMG\PrettyLinesMG.csproj", "{3007E2B0-0D15-44CB-9604-4F27A8ADF9F0}"
EndProject
Project("{FAE04EC0-301F-11D3-BF4B-00C04F79EFBC}") = "PrettyLinesMGTest", "PrettyLinesMGTest\PrettyLinesMGTest.csproj", "{5BAB9F14-1A48-40C0-A898-6EC47957A50E}"
EndProject
Global
	GlobalSection(SolutionConfigurationPlatforms) = preSolution
		Debug|Any CPU = Debug|Any CPU
		Debug|x86 = Debug|x86
		Release|Any CPU = Release|Any CPU
		Release|x86 = Release|x86
	EndGlobalSection
	GlobalSection(ProjectConfigurationPlatforms) = postSolution
		{D18D2042-10B1-4656-858E-CC04FF9B9D1E}.Debug|Any CPU.ActiveCfg = Debug|x86
		{D18D2042-10B1-4656-858E-CC04FF9B9D1E}.Debug|x86.ActiveCfg = Debug|x86
		{D18D2042-10B1-4656-858E-CC04FF9B9D1E}.Debug|x86.Build.0 = Debug|x86
		{D18D2042-10B1-4656-858E-CC04FF9B9D1E}.Release|Any CPU.ActiveCfg = Release|x86
		{D18D2042-10B1-4656-858E-CC04FF9B9D1E}.Release|x86.ActiveCfg = Release|x86
		{D18D2042-10B1-4656-858E-CC04FF9B9D1E}.Release|x86.Build.0 = Release|x86
		{88D85410-9EF3-43AE-980A-B0C9F7609941}.Debug|Any CPU.ActiveCfg = Debug|x86
		{88D85410-9EF3-43AE-980A-B0C9F7609941}.Debug|x86.ActiveCfg = Debug|x86
		{88D85410-9EF3-43AE-980A-B0C9F7609941}.Debug|x86.Build.0 = Debug|x86
		{88D85410-9EF3-43AE-980A-B0C9F7609941}.Release|Any CPU.ActiveCfg = Release|x86
		{88D85410-9EF3-43AE-980A-B0C9F7609941}.Release|x86.ActiveCfg = Release|x86
		{88D85410-9EF3-43AE-980A-B0C9F7609941}.Release|x86.Build.0 = Release|x86
		{9EE2D77A-9C2C-4223-BCEB-FF3068F450AD}.Debug|Any CPU.ActiveCfg = Debug|x86
		{9EE2D77A-9C2C-4223-BCEB-FF3068F450AD}.Debug|x86.ActiveCfg = Debug|x86
		{9EE2D77A-9C2C-4223-BCEB-FF3068F450AD}.Release|Any CPU.ActiveCfg = Release|x86
		{9EE2D77A-9C2C-4223-BCEB-FF3068F450AD}.Release|x86.ActiveCfg = Release|x86
		{3007E2B0-0D15-44CB-9604-4F27A8ADF9F0}.Debug|Any CPU.ActiveCfg = Debug|Any CPU
		{3007E2B0-0D15-44CB-9604-4F27A8ADF9F0}.Debug|Any CPU.Build.0 = Debug|Any CPU
		{3007E2B0-0D15-44CB-9604-4F27A8ADF9F0}.Debug|x86.ActiveCfg = Debug|Any CPU
		{3007E2B0-0D15-44CB-9604-4F27A8ADF9F0}.Debug|x86.Build.0 = Debug|Any CPU
		{3007E2B0-0D15-44CB-9604-4F27A8ADF9F0}.Release|Any CPU.ActiveCfg = Release|Any CPU
		{3007E2B0-0D15-44CB-9604-4F27A8ADF9F0}.Release|Any CPU.Build.0 = Release|Any CPU
		{3007E2B0-0D15-44CB-9604-4F27A8ADF9F0}.Release|x86.ActiveCfg = Release|Any CPU
		{3007E2B0-0D15-44CB-9604-4F27A8ADF9F0}.Release|x86.Build.0 = Release|Any CPU
		{5BAB9F14-1A48-40C0-A898-6EC47957A50E}.Debug|Any CPU.ActiveCfg = Debug|x86
		{5BAB9F14-1A48-40C0-A898-6EC47957A50E}.Debug|x86.ActiveCfg = Debug|x86
		{5BAB9F14-1A48-40C0-A898-6EC47957A50E}.Debug|x86.Build.0 = Debug|x86
		{5BAB9F14-1A48-40C0-A898-6EC47957A50E}.Release|Any CPU.ActiveCfg = Release|x86
		{5BAB9F14-1A48-40C0-A898-6EC47957A50E}.Release|x86.ActiveCfg = Release|x86
		{5BAB9F14-1A48-40C0-A898-6EC47957A50E}.Release|x86.Build.0 = Release|x86
	EndGlobalSection
	GlobalSection(SolutionProperties) = preSolution
		HideSolutionNode = FALSE
	EndGlobalSection
	GlobalSection(ExtensibilityGlobals) = postSolution
		SolutionGuid = {588FBAC8-FB74-494F-B7D8-27DC26FA09E6}
	EndGlobalSection
EndGlobal
